// !$*UTF8*$!
{
	archiveVersion = 1;
	classes = {
	};
	objectVersion = 52;
	objects = {

/* Begin PBXBuildFile section */
		B542BDA526BBD39A00958C39 /* BitStringTests.swift in Sources */ = {isa = PBXBuildFile; fileRef = B542BDA426BBD39A00958C39 /* BitStringTests.swift */; };
		B542BDEB26BE531A00958C39 /* X509PublicKey.swift in Sources */ = {isa = PBXBuildFile; fileRef = B542BDDF26BE531800958C39 /* X509PublicKey.swift */; };
		B542BDEC26BE531A00958C39 /* ASN1DistinguishedNames.swift in Sources */ = {isa = PBXBuildFile; fileRef = B542BDE026BE531800958C39 /* ASN1DistinguishedNames.swift */; };
		B542BDED26BE531A00958C39 /* ASN1Encoder.swift in Sources */ = {isa = PBXBuildFile; fileRef = B542BDE126BE531900958C39 /* ASN1Encoder.swift */; };
		B542BDEE26BE531A00958C39 /* CertASN1Decoder.h in Headers */ = {isa = PBXBuildFile; fileRef = B542BDE226BE531900958C39 /* CertASN1Decoder.h */; };
		B542BDEF26BE531A00958C39 /* OID.swift in Sources */ = {isa = PBXBuildFile; fileRef = B542BDE326BE531900958C39 /* OID.swift */; };
		B542BDF026BE531A00958C39 /* X509Extension.swift in Sources */ = {isa = PBXBuildFile; fileRef = B542BDE426BE531900958C39 /* X509Extension.swift */; };
		B542BDF126BE531A00958C39 /* CertASN1Decoder.swift in Sources */ = {isa = PBXBuildFile; fileRef = B542BDE526BE531900958C39 /* CertASN1Decoder.swift */; };
		B542BDF226BE531A00958C39 /* X509ExtensionAltName.swift in Sources */ = {isa = PBXBuildFile; fileRef = B542BDE626BE531900958C39 /* X509ExtensionAltName.swift */; };
		B542BDF326BE531A00958C39 /* CertASN1Object.swift in Sources */ = {isa = PBXBuildFile; fileRef = B542BDE726BE531900958C39 /* CertASN1Object.swift */; };
		B542BDF426BE531A00958C39 /* X509ExtensionClasses.swift in Sources */ = {isa = PBXBuildFile; fileRef = B542BDE826BE531900958C39 /* X509ExtensionClasses.swift */; };
		B542BDF526BE531A00958C39 /* ASN1Identifier.swift in Sources */ = {isa = PBXBuildFile; fileRef = B542BDE926BE531900958C39 /* ASN1Identifier.swift */; };
		B542BDF626BE531A00958C39 /* X509Certificate.swift in Sources */ = {isa = PBXBuildFile; fileRef = B542BDEA26BE531A00958C39 /* X509Certificate.swift */; };
		B56B641C26C50051002833E9 /* DateTests.swift in Sources */ = {isa = PBXBuildFile; fileRef = B56B641B26C50051002833E9 /* DateTests.swift */; };
		B56B642026C50F2E002833E9 /* ValidityTests.swift in Sources */ = {isa = PBXBuildFile; fileRef = B56B641F26C50F2E002833E9 /* ValidityTests.swift */; };
		B56B642726C51936002833E9 /* CertificateTest.swift in Sources */ = {isa = PBXBuildFile; fileRef = B56B642626C51936002833E9 /* CertificateTest.swift */; };
		B56B642E26C7A545002833E9 /* IntegerTests.swift in Sources */ = {isa = PBXBuildFile; fileRef = B56B642D26C7A545002833E9 /* IntegerTests.swift */; };
		B56D7A3326E0B6E600925AEA /* KeyExchange.swift in Sources */ = {isa = PBXBuildFile; fileRef = B56D7A3226E0B6E600925AEA /* KeyExchange.swift */; };
		B56D7A3826E0BBB800925AEA /* KeyExchangeTests.swift in Sources */ = {isa = PBXBuildFile; fileRef = B56D7A3726E0BBB800925AEA /* KeyExchangeTests.swift */; };
		B56D7A3F26E3473500925AEA /* CryptoPdfTests.swift in Sources */ = {isa = PBXBuildFile; fileRef = B56D7A3E26E3473500925AEA /* CryptoPdfTests.swift */; };
		B574D70126CA814700A6438E /* HashDataTest.swift in Sources */ = {isa = PBXBuildFile; fileRef = B574D70026CA814700A6438E /* HashDataTest.swift */; };
		B574D70B26CD251B00A6438E /* Extensions.swift in Sources */ = {isa = PBXBuildFile; fileRef = B574D70A26CD251B00A6438E /* Extensions.swift */; };
		B574D71226D0FBB500A6438E /* TimeStampReq.swift in Sources */ = {isa = PBXBuildFile; fileRef = B574D71126D0FBB500A6438E /* TimeStampReq.swift */; };
		B574D71526D0FD0400A6438E /* MessageImprint.swift in Sources */ = {isa = PBXBuildFile; fileRef = B574D71426D0FD0400A6438E /* MessageImprint.swift */; };
		B574D71A26D1021500A6438E /* TimeStampReqTests.swift in Sources */ = {isa = PBXBuildFile; fileRef = B574D71926D1021500A6438E /* TimeStampReqTests.swift */; };
		B574D82726D251B400A6438E /* SignedAttributes.swift in Sources */ = {isa = PBXBuildFile; fileRef = B574D82626D251B400A6438E /* SignedAttributes.swift */; };
		B574D82B26D2525D00A6438E /* Attribute.swift in Sources */ = {isa = PBXBuildFile; fileRef = B574D82A26D2525D00A6438E /* Attribute.swift */; };
		B574D82F26D2538200A6438E /* AttributeValue.swift in Sources */ = {isa = PBXBuildFile; fileRef = B574D82E26D2538200A6438E /* AttributeValue.swift */; };
		B574D83326D257CD00A6438E /* SignedAttrsTest.swift in Sources */ = {isa = PBXBuildFile; fileRef = B574D83226D257CD00A6438E /* SignedAttrsTest.swift */; };
		B574D83626D2593500A6438E /* AttributeValues.swift in Sources */ = {isa = PBXBuildFile; fileRef = B574D83526D2593500A6438E /* AttributeValues.swift */; };
		B574D83C26D263EC00A6438E /* ContentType.swift in Sources */ = {isa = PBXBuildFile; fileRef = B574D83B26D263EC00A6438E /* ContentType.swift */; };
		B574D83F26D2659900A6438E /* SigningTime.swift in Sources */ = {isa = PBXBuildFile; fileRef = B574D83E26D2659900A6438E /* SigningTime.swift */; };
		B574D84226D2669300A6438E /* MessageDigest.swift in Sources */ = {isa = PBXBuildFile; fileRef = B574D84126D2669300A6438E /* MessageDigest.swift */; };
		B574D84B26D4B45100A6438E /* CMSAlgorithmProtection.swift in Sources */ = {isa = PBXBuildFile; fileRef = B574D84A26D4B45000A6438E /* CMSAlgorithmProtection.swift */; };
		B574D85626D4DFE800A6438E /* CMSAlgorithmProtectionValue.swift in Sources */ = {isa = PBXBuildFile; fileRef = B574D85526D4DFE800A6438E /* CMSAlgorithmProtectionValue.swift */; };
		B574D85A26D63A4D00A6438E /* ContentTypeAttribute.swift in Sources */ = {isa = PBXBuildFile; fileRef = B574D85926D63A4D00A6438E /* ContentTypeAttribute.swift */; };
		B574D85E26D63CBC00A6438E /* SigningTimeAttribute.swift in Sources */ = {isa = PBXBuildFile; fileRef = B574D85D26D63CBC00A6438E /* SigningTimeAttribute.swift */; };
		B574D86226D63DFC00A6438E /* MessageDigestAttribute.swift in Sources */ = {isa = PBXBuildFile; fileRef = B574D86126D63DFC00A6438E /* MessageDigestAttribute.swift */; };
		B574D86626D63F2600A6438E /* CMSAlgorithmProtectionAttribute.swift in Sources */ = {isa = PBXBuildFile; fileRef = B574D86526D63F2600A6438E /* CMSAlgorithmProtectionAttribute.swift */; };
		B574D86B26D6480900A6438E /* AsnExtension.swift in Sources */ = {isa = PBXBuildFile; fileRef = B574D86A26D6480900A6438E /* AsnExtension.swift */; };
		B574D87026D64DB900A6438E /* CertificateExtensions.swift in Sources */ = {isa = PBXBuildFile; fileRef = B574D86F26D64DB900A6438E /* CertificateExtensions.swift */; };
		B574D87426D6557200A6438E /* KeyUsageExtension.swift in Sources */ = {isa = PBXBuildFile; fileRef = B574D87326D6557200A6438E /* KeyUsageExtension.swift */; };
		B574D87826D678FC00A6438E /* KeyUsageExtensionTest.swift in Sources */ = {isa = PBXBuildFile; fileRef = B574D87726D678FC00A6438E /* KeyUsageExtensionTest.swift */; };
		B574D87C26DA3F9D00A6438E /* SubjectKeyIdentifierExtension.swift in Sources */ = {isa = PBXBuildFile; fileRef = B574D87B26DA3F9D00A6438E /* SubjectKeyIdentifierExtension.swift */; };
		B574D88026DA433900A6438E /* ExtendedKeyUsageExtension.swift in Sources */ = {isa = PBXBuildFile; fileRef = B574D87F26DA433900A6438E /* ExtendedKeyUsageExtension.swift */; };
		B574D88326DA441800A6438E /* ExtendedKeyUsage.swift in Sources */ = {isa = PBXBuildFile; fileRef = B574D88226DA441800A6438E /* ExtendedKeyUsage.swift */; };
		B574D88726DA490400A6438E /* AuthorityKeyIdentifierExtension.swift in Sources */ = {isa = PBXBuildFile; fileRef = B574D88626DA490400A6438E /* AuthorityKeyIdentifierExtension.swift */; };
		B574D88B26DA4AEC00A6438E /* AuthorityKeyIdentifier.swift in Sources */ = {isa = PBXBuildFile; fileRef = B574D88A26DA4AEC00A6438E /* AuthorityKeyIdentifier.swift */; };
		B574D89226DB6E1100A6438E /* CryptoPdf.swift in Sources */ = {isa = PBXBuildFile; fileRef = B574D89126DB6E1000A6438E /* CryptoPdf.swift */; };
		B590C74226C91A7300A11C39 /* Certificates.swift in Sources */ = {isa = PBXBuildFile; fileRef = B590C74126C91A7300A11C39 /* Certificates.swift */; };
		B5F3B11E26AFFFFB00783AF8 /* AsnSequence.swift in Sources */ = {isa = PBXBuildFile; fileRef = B5F3B11D26AFFFFB00783AF8 /* AsnSequence.swift */; };
		B5F3B12126B002CF00783AF8 /* AsnSet.swift in Sources */ = {isa = PBXBuildFile; fileRef = B5F3B12026B002CF00783AF8 /* AsnSet.swift */; };
		B5F3B12426B0065100783AF8 /* EncapsulatedContentInfo.swift in Sources */ = {isa = PBXBuildFile; fileRef = B5F3B12326B0065100783AF8 /* EncapsulatedContentInfo.swift */; };
		B5F3B12726B00AFA00783AF8 /* OctetString.swift in Sources */ = {isa = PBXBuildFile; fileRef = B5F3B12626B00AFA00783AF8 /* OctetString.swift */; };
		B5F3B12B26B0150A00783AF8 /* SignerInfos.swift in Sources */ = {isa = PBXBuildFile; fileRef = B5F3B12A26B0150A00783AF8 /* SignerInfos.swift */; };
		B5F3B12E26B0156900783AF8 /* SignerInfo.swift in Sources */ = {isa = PBXBuildFile; fileRef = B5F3B12D26B0156900783AF8 /* SignerInfo.swift */; };
		B5F3B13126B016A900783AF8 /* SignatureAlgorithmIdentifier.swift in Sources */ = {isa = PBXBuildFile; fileRef = B5F3B13026B016A900783AF8 /* SignatureAlgorithmIdentifier.swift */; };
		B5F3B13426B01D9300783AF8 /* IssuerAndSerialNumber.swift in Sources */ = {isa = PBXBuildFile; fileRef = B5F3B13326B01D9300783AF8 /* IssuerAndSerialNumber.swift */; };
		B5F3B13826B031DC00783AF8 /* RDNSequence.swift in Sources */ = {isa = PBXBuildFile; fileRef = B5F3B13726B031DC00783AF8 /* RDNSequence.swift */; };
		B5F3B13B26B032C700783AF8 /* RelativeDistinguishedName.swift in Sources */ = {isa = PBXBuildFile; fileRef = B5F3B13A26B032C700783AF8 /* RelativeDistinguishedName.swift */; };
		B5F3B13E26B0333A00783AF8 /* AttributeTypeAndValue.swift in Sources */ = {isa = PBXBuildFile; fileRef = B5F3B13D26B0333A00783AF8 /* AttributeTypeAndValue.swift */; };
		B5F3B14126B0342100783AF8 /* AsnString.swift in Sources */ = {isa = PBXBuildFile; fileRef = B5F3B14026B0342100783AF8 /* AsnString.swift */; };
		B5F3B14726B0368000783AF8 /* Utf8String.swift in Sources */ = {isa = PBXBuildFile; fileRef = B5F3B14626B0368000783AF8 /* Utf8String.swift */; };
		B5F3B14A26B036CA00783AF8 /* PrintableString.swift in Sources */ = {isa = PBXBuildFile; fileRef = B5F3B14926B036CA00783AF8 /* PrintableString.swift */; };
		B5F3B14D26B0371B00783AF8 /* Ia5String.swift in Sources */ = {isa = PBXBuildFile; fileRef = B5F3B14C26B0371B00783AF8 /* Ia5String.swift */; };
		B5F3B15526B11FE800783AF8 /* Certificate.swift in Sources */ = {isa = PBXBuildFile; fileRef = B5F3B15426B11FE800783AF8 /* Certificate.swift */; };
		B5F3B15826B1255600783AF8 /* BitString.swift in Sources */ = {isa = PBXBuildFile; fileRef = B5F3B15726B1255600783AF8 /* BitString.swift */; };
		B5F3B15B26B1276D00783AF8 /* TBSCertificate.swift in Sources */ = {isa = PBXBuildFile; fileRef = B5F3B15A26B1276D00783AF8 /* TBSCertificate.swift */; };
		B5F3B15E26B12E3600783AF8 /* SubjectPublicKeyInfo.swift in Sources */ = {isa = PBXBuildFile; fileRef = B5F3B15D26B12E3600783AF8 /* SubjectPublicKeyInfo.swift */; };
		B5F3B16126B12E5600783AF8 /* Validity.swift in Sources */ = {isa = PBXBuildFile; fileRef = B5F3B16026B12E5600783AF8 /* Validity.swift */; };
		B5F3B17026B955D000783AF8 /* OctetStringTests.swift in Sources */ = {isa = PBXBuildFile; fileRef = B5F3B16F26B955D000783AF8 /* OctetStringTests.swift */; };
		B5F3B17726BA9AB600783AF8 /* Certificate.pem in Resources */ = {isa = PBXBuildFile; fileRef = B5F3B17626BA9AB600783AF8 /* Certificate.pem */; };
		B5F4D55C26AD70A100FD2C85 /* DigestAlgorithmIdentifier.swift in Sources */ = {isa = PBXBuildFile; fileRef = B5F4D55B26AD70A100FD2C85 /* DigestAlgorithmIdentifier.swift */; };
		B5F4D55F26AD7A0800FD2C85 /* DigestAlgorithmIdentifiers.swift in Sources */ = {isa = PBXBuildFile; fileRef = B5F4D55E26AD7A0800FD2C85 /* DigestAlgorithmIdentifiers.swift */; };
		B5F4D56C26AEB40300FD2C85 /* DataKit.xcframework in Embed Frameworks */ = {isa = PBXBuildFile; fileRef = B5F4D56A26AEB40300FD2C85 /* DataKit.xcframework */; settings = {ATTRIBUTES = (CodeSignOnCopy, RemoveHeadersOnCopy, ); }; };
		B5F4D56D26AEB40300FD2C85 /* GemCommonsKit.xcframework in Embed Frameworks */ = {isa = PBXBuildFile; fileRef = B5F4D56B26AEB40300FD2C85 /* GemCommonsKit.xcframework */; settings = {ATTRIBUTES = (CodeSignOnCopy, RemoveHeadersOnCopy, ); }; };
		B5F4D58D26AEB43B00FD2C85 /* ASN1Object+Subscript.swift in Sources */ = {isa = PBXBuildFile; fileRef = B5F4D57126AEB43B00FD2C85 /* ASN1Object+Subscript.swift */; };
		B5F4D58E26AEB43B00FD2C85 /* Data+UInt.swift in Sources */ = {isa = PBXBuildFile; fileRef = B5F4D57226AEB43B00FD2C85 /* Data+UInt.swift */; };
		B5F4D58F26AEB43B00FD2C85 /* Data+ASN1Int.swift in Sources */ = {isa = PBXBuildFile; fileRef = B5F4D57326AEB43B00FD2C85 /* Data+ASN1Int.swift */; };
		B5F4D59026AEB43B00FD2C85 /* String+Subscript.swift in Sources */ = {isa = PBXBuildFile; fileRef = B5F4D57426AEB43B00FD2C85 /* String+Subscript.swift */; };
		B5F4D59126AEB43B00FD2C85 /* OutputStream+UInt8.swift in Sources */ = {isa = PBXBuildFile; fileRef = B5F4D57526AEB43B00FD2C85 /* OutputStream+UInt8.swift */; };
		B5F4D59226AEB43B00FD2C85 /* UInt+TagNo.swift in Sources */ = {isa = PBXBuildFile; fileRef = B5F4D57626AEB43B00FD2C85 /* UInt+TagNo.swift */; };
		B5F4D59326AEB43B00FD2C85 /* ASN1Primitive+Description.swift in Sources */ = {isa = PBXBuildFile; fileRef = B5F4D57726AEB43B00FD2C85 /* ASN1Primitive+Description.swift */; };
		B5F4D59426AEB43B00FD2C85 /* ASN1DecodedTag+Encoding.swift in Sources */ = {isa = PBXBuildFile; fileRef = B5F4D57826AEB43B00FD2C85 /* ASN1DecodedTag+Encoding.swift */; };
		B5F4D59526AEB43B00FD2C85 /* Int+Length.swift in Sources */ = {isa = PBXBuildFile; fileRef = B5F4D57926AEB43B00FD2C85 /* Int+Length.swift */; };
		B5F4D59626AEB43B00FD2C85 /* ASN1Int.swift in Sources */ = {isa = PBXBuildFile; fileRef = B5F4D57A26AEB43B00FD2C85 /* ASN1Int.swift */; };
		B5F4D59726AEB43B00FD2C85 /* ASN1Error.swift in Sources */ = {isa = PBXBuildFile; fileRef = B5F4D57B26AEB43B00FD2C85 /* ASN1Error.swift */; };
		B5F4D59826AEB43B00FD2C85 /* ASN1CodableType.swift in Sources */ = {isa = PBXBuildFile; fileRef = B5F4D57D26AEB43B00FD2C85 /* ASN1CodableType.swift */; };
		B5F4D59926AEB43B00FD2C85 /* Date+ASN1Encoding.swift in Sources */ = {isa = PBXBuildFile; fileRef = B5F4D57E26AEB43B00FD2C85 /* Date+ASN1Encoding.swift */; };
		B5F4D59A26AEB43B00FD2C85 /* ASN1Object+Encoding.swift in Sources */ = {isa = PBXBuildFile; fileRef = B5F4D57F26AEB43B00FD2C85 /* ASN1Object+Encoding.swift */; };
		B5F4D59B26AEB43B00FD2C85 /* GeneralizedTimeDateFormatter.swift in Sources */ = {isa = PBXBuildFile; fileRef = B5F4D58026AEB43B00FD2C85 /* GeneralizedTimeDateFormatter.swift */; };
		B5F4D59C26AEB43B00FD2C85 /* Data+ASN1Encoding.swift in Sources */ = {isa = PBXBuildFile; fileRef = B5F4D58126AEB43B00FD2C85 /* Data+ASN1Encoding.swift */; };
		B5F4D59D26AEB43B00FD2C85 /* Int+ASN1Encoding.swift in Sources */ = {isa = PBXBuildFile; fileRef = B5F4D58226AEB43B00FD2C85 /* Int+ASN1Encoding.swift */; };
		B5F4D59E26AEB43B00FD2C85 /* String+ASN1Encoding.swift in Sources */ = {isa = PBXBuildFile; fileRef = B5F4D58326AEB43B00FD2C85 /* String+ASN1Encoding.swift */; };
		B5F4D59F26AEB43B00FD2C85 /* Bool+ASN1Encoding.swift in Sources */ = {isa = PBXBuildFile; fileRef = B5F4D58426AEB43B00FD2C85 /* Bool+ASN1Encoding.swift */; };
		B5F4D5A026AEB43B00FD2C85 /* Array+ASN1Encoding.swift in Sources */ = {isa = PBXBuildFile; fileRef = B5F4D58526AEB43B00FD2C85 /* Array+ASN1Encoding.swift */; };
		B5F4D5A126AEB43B00FD2C85 /* ASN1Tag.swift in Sources */ = {isa = PBXBuildFile; fileRef = B5F4D58626AEB43B00FD2C85 /* ASN1Tag.swift */; };
		B5F4D5A226AEB43B00FD2C85 /* ASN1Object.swift in Sources */ = {isa = PBXBuildFile; fileRef = B5F4D58726AEB43B00FD2C85 /* ASN1Object.swift */; };
		B5F4D5A326AEB43B00FD2C85 /* ASN1DecodedTag.swift in Sources */ = {isa = PBXBuildFile; fileRef = B5F4D58826AEB43B00FD2C85 /* ASN1DecodedTag.swift */; };
		B5F4D5A426AEB43B00FD2C85 /* ASN1Data.swift in Sources */ = {isa = PBXBuildFile; fileRef = B5F4D58926AEB43B00FD2C85 /* ASN1Data.swift */; };
		B5F4D5A526AEB43B00FD2C85 /* ObjectIdentifier.swift in Sources */ = {isa = PBXBuildFile; fileRef = B5F4D58A26AEB43B00FD2C85 /* ObjectIdentifier.swift */; };
		B5F4D5A626AEB43B00FD2C85 /* DataScanner.swift in Sources */ = {isa = PBXBuildFile; fileRef = B5F4D58B26AEB43B00FD2C85 /* DataScanner.swift */; };
		B5F4D5A726AEB43B00FD2C85 /* ASN1Decoder.swift in Sources */ = {isa = PBXBuildFile; fileRef = B5F4D58C26AEB43B00FD2C85 /* ASN1Decoder.swift */; };
		FB9A80832687348300BDE632 /* cryptography_in_use.framework in Frameworks */ = {isa = PBXBuildFile; fileRef = FB9A80792687348300BDE632 /* cryptography_in_use.framework */; };
		FB9A80882687348300BDE632 /* SignedDataTests.swift in Sources */ = {isa = PBXBuildFile; fileRef = FB9A80872687348300BDE632 /* SignedDataTests.swift */; };
		FB9A808A2687348300BDE632 /* cryptography_in_use.h in Headers */ = {isa = PBXBuildFile; fileRef = FB9A807C2687348300BDE632 /* cryptography_in_use.h */; settings = {ATTRIBUTES = (Public, ); }; };
		FB9A80942687356F00BDE632 /* SignedData.swift in Sources */ = {isa = PBXBuildFile; fileRef = FB9A80932687356F00BDE632 /* SignedData.swift */; };
		FB9A80972687385700BDE632 /* ContentInfo.swift in Sources */ = {isa = PBXBuildFile; fileRef = FB9A80962687385700BDE632 /* ContentInfo.swift */; };
		FB9A809A2687391100BDE632 /* Oid.swift in Sources */ = {isa = PBXBuildFile; fileRef = FB9A80992687391100BDE632 /* Oid.swift */; };
		FB9A80A32687480F00BDE632 /* CmsVersion.swift in Sources */ = {isa = PBXBuildFile; fileRef = FB9A80A22687480F00BDE632 /* CmsVersion.swift */; };
		FBC99D0826E104E70099B98A /* SubjectPublicKeyInfoTests.swift in Sources */ = {isa = PBXBuildFile; fileRef = FBC99D0726E104E70099B98A /* SubjectPublicKeyInfoTests.swift */; };
/* End PBXBuildFile section */

/* Begin PBXContainerItemProxy section */
		FB9A80842687348300BDE632 /* PBXContainerItemProxy */ = {
			isa = PBXContainerItemProxy;
			containerPortal = FB9A80702687348200BDE632 /* Project object */;
			proxyType = 1;
			remoteGlobalIDString = FB9A80782687348200BDE632;
			remoteInfo = "cryptography-in-use";
		};
/* End PBXContainerItemProxy section */

/* Begin PBXCopyFilesBuildPhase section */
		B503C51026AD68D900927EA8 /* Embed Frameworks */ = {
			isa = PBXCopyFilesBuildPhase;
			buildActionMask = 2147483647;
			dstPath = "";
			dstSubfolderSpec = 10;
			files = (
				B5F4D56C26AEB40300FD2C85 /* DataKit.xcframework in Embed Frameworks */,
				B5F4D56D26AEB40300FD2C85 /* GemCommonsKit.xcframework in Embed Frameworks */,
			);
			name = "Embed Frameworks";
			runOnlyForDeploymentPostprocessing = 0;
		};
/* End PBXCopyFilesBuildPhase section */

/* Begin PBXFileReference section */
		B542BDA426BBD39A00958C39 /* BitStringTests.swift */ = {isa = PBXFileReference; lastKnownFileType = sourcecode.swift; path = BitStringTests.swift; sourceTree = "<group>"; };
		B542BDDF26BE531800958C39 /* X509PublicKey.swift */ = {isa = PBXFileReference; fileEncoding = 4; lastKnownFileType = sourcecode.swift; path = X509PublicKey.swift; sourceTree = "<group>"; };
		B542BDE026BE531800958C39 /* ASN1DistinguishedNames.swift */ = {isa = PBXFileReference; fileEncoding = 4; lastKnownFileType = sourcecode.swift; path = ASN1DistinguishedNames.swift; sourceTree = "<group>"; };
		B542BDE126BE531900958C39 /* ASN1Encoder.swift */ = {isa = PBXFileReference; fileEncoding = 4; lastKnownFileType = sourcecode.swift; path = ASN1Encoder.swift; sourceTree = "<group>"; };
		B542BDE226BE531900958C39 /* CertASN1Decoder.h */ = {isa = PBXFileReference; fileEncoding = 4; lastKnownFileType = sourcecode.c.h; path = CertASN1Decoder.h; sourceTree = "<group>"; };
		B542BDE326BE531900958C39 /* OID.swift */ = {isa = PBXFileReference; fileEncoding = 4; lastKnownFileType = sourcecode.swift; path = OID.swift; sourceTree = "<group>"; };
		B542BDE426BE531900958C39 /* X509Extension.swift */ = {isa = PBXFileReference; fileEncoding = 4; lastKnownFileType = sourcecode.swift; path = X509Extension.swift; sourceTree = "<group>"; };
		B542BDE526BE531900958C39 /* CertASN1Decoder.swift */ = {isa = PBXFileReference; fileEncoding = 4; lastKnownFileType = sourcecode.swift; path = CertASN1Decoder.swift; sourceTree = "<group>"; };
		B542BDE626BE531900958C39 /* X509ExtensionAltName.swift */ = {isa = PBXFileReference; fileEncoding = 4; lastKnownFileType = sourcecode.swift; path = X509ExtensionAltName.swift; sourceTree = "<group>"; };
		B542BDE726BE531900958C39 /* CertASN1Object.swift */ = {isa = PBXFileReference; fileEncoding = 4; lastKnownFileType = sourcecode.swift; path = CertASN1Object.swift; sourceTree = "<group>"; };
		B542BDE826BE531900958C39 /* X509ExtensionClasses.swift */ = {isa = PBXFileReference; fileEncoding = 4; lastKnownFileType = sourcecode.swift; path = X509ExtensionClasses.swift; sourceTree = "<group>"; };
		B542BDE926BE531900958C39 /* ASN1Identifier.swift */ = {isa = PBXFileReference; fileEncoding = 4; lastKnownFileType = sourcecode.swift; path = ASN1Identifier.swift; sourceTree = "<group>"; };
		B542BDEA26BE531A00958C39 /* X509Certificate.swift */ = {isa = PBXFileReference; fileEncoding = 4; lastKnownFileType = sourcecode.swift; path = X509Certificate.swift; sourceTree = "<group>"; };
		B56B641B26C50051002833E9 /* DateTests.swift */ = {isa = PBXFileReference; lastKnownFileType = sourcecode.swift; path = DateTests.swift; sourceTree = "<group>"; };
		B56B641F26C50F2E002833E9 /* ValidityTests.swift */ = {isa = PBXFileReference; lastKnownFileType = sourcecode.swift; path = ValidityTests.swift; sourceTree = "<group>"; };
		B56B642626C51936002833E9 /* CertificateTest.swift */ = {isa = PBXFileReference; lastKnownFileType = sourcecode.swift; path = CertificateTest.swift; sourceTree = "<group>"; };
		B56B642D26C7A545002833E9 /* IntegerTests.swift */ = {isa = PBXFileReference; lastKnownFileType = sourcecode.swift; path = IntegerTests.swift; sourceTree = "<group>"; };
		B56D7A3226E0B6E600925AEA /* KeyExchange.swift */ = {isa = PBXFileReference; lastKnownFileType = sourcecode.swift; path = KeyExchange.swift; sourceTree = "<group>"; };
		B56D7A3726E0BBB800925AEA /* KeyExchangeTests.swift */ = {isa = PBXFileReference; lastKnownFileType = sourcecode.swift; path = KeyExchangeTests.swift; sourceTree = "<group>"; };
		B56D7A3E26E3473500925AEA /* CryptoPdfTests.swift */ = {isa = PBXFileReference; fileEncoding = 4; lastKnownFileType = sourcecode.swift; path = CryptoPdfTests.swift; sourceTree = "<group>"; };
		B574D70026CA814700A6438E /* HashDataTest.swift */ = {isa = PBXFileReference; lastKnownFileType = sourcecode.swift; path = HashDataTest.swift; sourceTree = "<group>"; };
		B574D70A26CD251B00A6438E /* Extensions.swift */ = {isa = PBXFileReference; lastKnownFileType = sourcecode.swift; path = Extensions.swift; sourceTree = "<group>"; };
		B574D71126D0FBB500A6438E /* TimeStampReq.swift */ = {isa = PBXFileReference; lastKnownFileType = sourcecode.swift; path = TimeStampReq.swift; sourceTree = "<group>"; };
		B574D71426D0FD0400A6438E /* MessageImprint.swift */ = {isa = PBXFileReference; lastKnownFileType = sourcecode.swift; path = MessageImprint.swift; sourceTree = "<group>"; };
		B574D71926D1021500A6438E /* TimeStampReqTests.swift */ = {isa = PBXFileReference; lastKnownFileType = sourcecode.swift; path = TimeStampReqTests.swift; sourceTree = "<group>"; };
		B574D82626D251B400A6438E /* SignedAttributes.swift */ = {isa = PBXFileReference; lastKnownFileType = sourcecode.swift; path = SignedAttributes.swift; sourceTree = "<group>"; };
		B574D82A26D2525D00A6438E /* Attribute.swift */ = {isa = PBXFileReference; lastKnownFileType = sourcecode.swift; path = Attribute.swift; sourceTree = "<group>"; };
		B574D82E26D2538200A6438E /* AttributeValue.swift */ = {isa = PBXFileReference; lastKnownFileType = sourcecode.swift; path = AttributeValue.swift; sourceTree = "<group>"; };
		B574D83226D257CD00A6438E /* SignedAttrsTest.swift */ = {isa = PBXFileReference; lastKnownFileType = sourcecode.swift; path = SignedAttrsTest.swift; sourceTree = "<group>"; };
		B574D83526D2593500A6438E /* AttributeValues.swift */ = {isa = PBXFileReference; lastKnownFileType = sourcecode.swift; path = AttributeValues.swift; sourceTree = "<group>"; };
		B574D83B26D263EC00A6438E /* ContentType.swift */ = {isa = PBXFileReference; lastKnownFileType = sourcecode.swift; path = ContentType.swift; sourceTree = "<group>"; };
		B574D83E26D2659900A6438E /* SigningTime.swift */ = {isa = PBXFileReference; lastKnownFileType = sourcecode.swift; path = SigningTime.swift; sourceTree = "<group>"; };
		B574D84126D2669300A6438E /* MessageDigest.swift */ = {isa = PBXFileReference; lastKnownFileType = sourcecode.swift; path = MessageDigest.swift; sourceTree = "<group>"; };
		B574D84A26D4B45000A6438E /* CMSAlgorithmProtection.swift */ = {isa = PBXFileReference; lastKnownFileType = sourcecode.swift; path = CMSAlgorithmProtection.swift; sourceTree = "<group>"; };
		B574D85526D4DFE800A6438E /* CMSAlgorithmProtectionValue.swift */ = {isa = PBXFileReference; lastKnownFileType = sourcecode.swift; path = CMSAlgorithmProtectionValue.swift; sourceTree = "<group>"; };
		B574D85926D63A4D00A6438E /* ContentTypeAttribute.swift */ = {isa = PBXFileReference; lastKnownFileType = sourcecode.swift; path = ContentTypeAttribute.swift; sourceTree = "<group>"; };
		B574D85D26D63CBC00A6438E /* SigningTimeAttribute.swift */ = {isa = PBXFileReference; lastKnownFileType = sourcecode.swift; path = SigningTimeAttribute.swift; sourceTree = "<group>"; };
		B574D86126D63DFC00A6438E /* MessageDigestAttribute.swift */ = {isa = PBXFileReference; lastKnownFileType = sourcecode.swift; path = MessageDigestAttribute.swift; sourceTree = "<group>"; };
		B574D86526D63F2600A6438E /* CMSAlgorithmProtectionAttribute.swift */ = {isa = PBXFileReference; lastKnownFileType = sourcecode.swift; path = CMSAlgorithmProtectionAttribute.swift; sourceTree = "<group>"; };
		B574D86A26D6480900A6438E /* AsnExtension.swift */ = {isa = PBXFileReference; lastKnownFileType = sourcecode.swift; path = AsnExtension.swift; sourceTree = "<group>"; };
		B574D86F26D64DB900A6438E /* CertificateExtensions.swift */ = {isa = PBXFileReference; lastKnownFileType = sourcecode.swift; path = CertificateExtensions.swift; sourceTree = "<group>"; };
		B574D87326D6557200A6438E /* KeyUsageExtension.swift */ = {isa = PBXFileReference; lastKnownFileType = sourcecode.swift; path = KeyUsageExtension.swift; sourceTree = "<group>"; };
		B574D87726D678FC00A6438E /* KeyUsageExtensionTest.swift */ = {isa = PBXFileReference; lastKnownFileType = sourcecode.swift; path = KeyUsageExtensionTest.swift; sourceTree = "<group>"; };
		B574D87B26DA3F9D00A6438E /* SubjectKeyIdentifierExtension.swift */ = {isa = PBXFileReference; lastKnownFileType = sourcecode.swift; path = SubjectKeyIdentifierExtension.swift; sourceTree = "<group>"; };
		B574D87F26DA433900A6438E /* ExtendedKeyUsageExtension.swift */ = {isa = PBXFileReference; lastKnownFileType = sourcecode.swift; path = ExtendedKeyUsageExtension.swift; sourceTree = "<group>"; };
		B574D88226DA441800A6438E /* ExtendedKeyUsage.swift */ = {isa = PBXFileReference; lastKnownFileType = sourcecode.swift; path = ExtendedKeyUsage.swift; sourceTree = "<group>"; };
		B574D88626DA490400A6438E /* AuthorityKeyIdentifierExtension.swift */ = {isa = PBXFileReference; lastKnownFileType = sourcecode.swift; path = AuthorityKeyIdentifierExtension.swift; sourceTree = "<group>"; };
		B574D88A26DA4AEC00A6438E /* AuthorityKeyIdentifier.swift */ = {isa = PBXFileReference; lastKnownFileType = sourcecode.swift; path = AuthorityKeyIdentifier.swift; sourceTree = "<group>"; };
		B574D89126DB6E1000A6438E /* CryptoPdf.swift */ = {isa = PBXFileReference; lastKnownFileType = sourcecode.swift; path = CryptoPdf.swift; sourceTree = "<group>"; };
		B590C74126C91A7300A11C39 /* Certificates.swift */ = {isa = PBXFileReference; lastKnownFileType = sourcecode.swift; path = Certificates.swift; sourceTree = "<group>"; };
		B5F3B11D26AFFFFB00783AF8 /* AsnSequence.swift */ = {isa = PBXFileReference; lastKnownFileType = sourcecode.swift; path = AsnSequence.swift; sourceTree = "<group>"; };
		B5F3B12026B002CF00783AF8 /* AsnSet.swift */ = {isa = PBXFileReference; lastKnownFileType = sourcecode.swift; path = AsnSet.swift; sourceTree = "<group>"; };
		B5F3B12326B0065100783AF8 /* EncapsulatedContentInfo.swift */ = {isa = PBXFileReference; lastKnownFileType = sourcecode.swift; path = EncapsulatedContentInfo.swift; sourceTree = "<group>"; };
		B5F3B12626B00AFA00783AF8 /* OctetString.swift */ = {isa = PBXFileReference; lastKnownFileType = sourcecode.swift; path = OctetString.swift; sourceTree = "<group>"; };
		B5F3B12A26B0150A00783AF8 /* SignerInfos.swift */ = {isa = PBXFileReference; lastKnownFileType = sourcecode.swift; path = SignerInfos.swift; sourceTree = "<group>"; };
		B5F3B12D26B0156900783AF8 /* SignerInfo.swift */ = {isa = PBXFileReference; lastKnownFileType = sourcecode.swift; path = SignerInfo.swift; sourceTree = "<group>"; };
		B5F3B13026B016A900783AF8 /* SignatureAlgorithmIdentifier.swift */ = {isa = PBXFileReference; lastKnownFileType = sourcecode.swift; path = SignatureAlgorithmIdentifier.swift; sourceTree = "<group>"; };
		B5F3B13326B01D9300783AF8 /* IssuerAndSerialNumber.swift */ = {isa = PBXFileReference; lastKnownFileType = sourcecode.swift; path = IssuerAndSerialNumber.swift; sourceTree = "<group>"; };
		B5F3B13726B031DC00783AF8 /* RDNSequence.swift */ = {isa = PBXFileReference; lastKnownFileType = sourcecode.swift; path = RDNSequence.swift; sourceTree = "<group>"; };
		B5F3B13A26B032C700783AF8 /* RelativeDistinguishedName.swift */ = {isa = PBXFileReference; lastKnownFileType = sourcecode.swift; path = RelativeDistinguishedName.swift; sourceTree = "<group>"; };
		B5F3B13D26B0333A00783AF8 /* AttributeTypeAndValue.swift */ = {isa = PBXFileReference; lastKnownFileType = sourcecode.swift; path = AttributeTypeAndValue.swift; sourceTree = "<group>"; };
		B5F3B14026B0342100783AF8 /* AsnString.swift */ = {isa = PBXFileReference; lastKnownFileType = sourcecode.swift; path = AsnString.swift; sourceTree = "<group>"; };
		B5F3B14626B0368000783AF8 /* Utf8String.swift */ = {isa = PBXFileReference; lastKnownFileType = sourcecode.swift; path = Utf8String.swift; sourceTree = "<group>"; };
		B5F3B14926B036CA00783AF8 /* PrintableString.swift */ = {isa = PBXFileReference; lastKnownFileType = sourcecode.swift; path = PrintableString.swift; sourceTree = "<group>"; };
		B5F3B14C26B0371B00783AF8 /* Ia5String.swift */ = {isa = PBXFileReference; lastKnownFileType = sourcecode.swift; path = Ia5String.swift; sourceTree = "<group>"; };
		B5F3B15426B11FE800783AF8 /* Certificate.swift */ = {isa = PBXFileReference; lastKnownFileType = sourcecode.swift; path = Certificate.swift; sourceTree = "<group>"; };
		B5F3B15726B1255600783AF8 /* BitString.swift */ = {isa = PBXFileReference; lastKnownFileType = sourcecode.swift; path = BitString.swift; sourceTree = "<group>"; };
		B5F3B15A26B1276D00783AF8 /* TBSCertificate.swift */ = {isa = PBXFileReference; lastKnownFileType = sourcecode.swift; path = TBSCertificate.swift; sourceTree = "<group>"; };
		B5F3B15D26B12E3600783AF8 /* SubjectPublicKeyInfo.swift */ = {isa = PBXFileReference; lastKnownFileType = sourcecode.swift; path = SubjectPublicKeyInfo.swift; sourceTree = "<group>"; };
		B5F3B16026B12E5600783AF8 /* Validity.swift */ = {isa = PBXFileReference; lastKnownFileType = sourcecode.swift; path = Validity.swift; sourceTree = "<group>"; };
		B5F3B16F26B955D000783AF8 /* OctetStringTests.swift */ = {isa = PBXFileReference; lastKnownFileType = sourcecode.swift; path = OctetStringTests.swift; sourceTree = "<group>"; };
		B5F3B17626BA9AB600783AF8 /* Certificate.pem */ = {isa = PBXFileReference; fileEncoding = 4; lastKnownFileType = text; path = Certificate.pem; sourceTree = "<group>"; };
		B5F4D55B26AD70A100FD2C85 /* DigestAlgorithmIdentifier.swift */ = {isa = PBXFileReference; lastKnownFileType = sourcecode.swift; path = DigestAlgorithmIdentifier.swift; sourceTree = "<group>"; };
		B5F4D55E26AD7A0800FD2C85 /* DigestAlgorithmIdentifiers.swift */ = {isa = PBXFileReference; lastKnownFileType = sourcecode.swift; path = DigestAlgorithmIdentifiers.swift; sourceTree = "<group>"; };
		B5F4D56A26AEB40300FD2C85 /* DataKit.xcframework */ = {isa = PBXFileReference; lastKnownFileType = wrapper.xcframework; name = DataKit.xcframework; path = Carthage/Build/DataKit.xcframework; sourceTree = "<group>"; };
		B5F4D56B26AEB40300FD2C85 /* GemCommonsKit.xcframework */ = {isa = PBXFileReference; lastKnownFileType = wrapper.xcframework; name = GemCommonsKit.xcframework; path = Carthage/Build/GemCommonsKit.xcframework; sourceTree = "<group>"; };
		B5F4D57126AEB43B00FD2C85 /* ASN1Object+Subscript.swift */ = {isa = PBXFileReference; fileEncoding = 4; lastKnownFileType = sourcecode.swift; path = "ASN1Object+Subscript.swift"; sourceTree = "<group>"; };
		B5F4D57226AEB43B00FD2C85 /* Data+UInt.swift */ = {isa = PBXFileReference; fileEncoding = 4; lastKnownFileType = sourcecode.swift; path = "Data+UInt.swift"; sourceTree = "<group>"; };
		B5F4D57326AEB43B00FD2C85 /* Data+ASN1Int.swift */ = {isa = PBXFileReference; fileEncoding = 4; lastKnownFileType = sourcecode.swift; path = "Data+ASN1Int.swift"; sourceTree = "<group>"; };
		B5F4D57426AEB43B00FD2C85 /* String+Subscript.swift */ = {isa = PBXFileReference; fileEncoding = 4; lastKnownFileType = sourcecode.swift; path = "String+Subscript.swift"; sourceTree = "<group>"; };
		B5F4D57526AEB43B00FD2C85 /* OutputStream+UInt8.swift */ = {isa = PBXFileReference; fileEncoding = 4; lastKnownFileType = sourcecode.swift; path = "OutputStream+UInt8.swift"; sourceTree = "<group>"; };
		B5F4D57626AEB43B00FD2C85 /* UInt+TagNo.swift */ = {isa = PBXFileReference; fileEncoding = 4; lastKnownFileType = sourcecode.swift; path = "UInt+TagNo.swift"; sourceTree = "<group>"; };
		B5F4D57726AEB43B00FD2C85 /* ASN1Primitive+Description.swift */ = {isa = PBXFileReference; fileEncoding = 4; lastKnownFileType = sourcecode.swift; path = "ASN1Primitive+Description.swift"; sourceTree = "<group>"; };
		B5F4D57826AEB43B00FD2C85 /* ASN1DecodedTag+Encoding.swift */ = {isa = PBXFileReference; fileEncoding = 4; lastKnownFileType = sourcecode.swift; path = "ASN1DecodedTag+Encoding.swift"; sourceTree = "<group>"; };
		B5F4D57926AEB43B00FD2C85 /* Int+Length.swift */ = {isa = PBXFileReference; fileEncoding = 4; lastKnownFileType = sourcecode.swift; path = "Int+Length.swift"; sourceTree = "<group>"; };
		B5F4D57A26AEB43B00FD2C85 /* ASN1Int.swift */ = {isa = PBXFileReference; fileEncoding = 4; lastKnownFileType = sourcecode.swift; path = ASN1Int.swift; sourceTree = "<group>"; };
		B5F4D57B26AEB43B00FD2C85 /* ASN1Error.swift */ = {isa = PBXFileReference; fileEncoding = 4; lastKnownFileType = sourcecode.swift; path = ASN1Error.swift; sourceTree = "<group>"; };
		B5F4D57D26AEB43B00FD2C85 /* ASN1CodableType.swift */ = {isa = PBXFileReference; fileEncoding = 4; lastKnownFileType = sourcecode.swift; path = ASN1CodableType.swift; sourceTree = "<group>"; };
		B5F4D57E26AEB43B00FD2C85 /* Date+ASN1Encoding.swift */ = {isa = PBXFileReference; fileEncoding = 4; lastKnownFileType = sourcecode.swift; path = "Date+ASN1Encoding.swift"; sourceTree = "<group>"; };
		B5F4D57F26AEB43B00FD2C85 /* ASN1Object+Encoding.swift */ = {isa = PBXFileReference; fileEncoding = 4; lastKnownFileType = sourcecode.swift; path = "ASN1Object+Encoding.swift"; sourceTree = "<group>"; };
		B5F4D58026AEB43B00FD2C85 /* GeneralizedTimeDateFormatter.swift */ = {isa = PBXFileReference; fileEncoding = 4; lastKnownFileType = sourcecode.swift; path = GeneralizedTimeDateFormatter.swift; sourceTree = "<group>"; };
		B5F4D58126AEB43B00FD2C85 /* Data+ASN1Encoding.swift */ = {isa = PBXFileReference; fileEncoding = 4; lastKnownFileType = sourcecode.swift; path = "Data+ASN1Encoding.swift"; sourceTree = "<group>"; };
		B5F4D58226AEB43B00FD2C85 /* Int+ASN1Encoding.swift */ = {isa = PBXFileReference; fileEncoding = 4; lastKnownFileType = sourcecode.swift; path = "Int+ASN1Encoding.swift"; sourceTree = "<group>"; };
		B5F4D58326AEB43B00FD2C85 /* String+ASN1Encoding.swift */ = {isa = PBXFileReference; fileEncoding = 4; lastKnownFileType = sourcecode.swift; path = "String+ASN1Encoding.swift"; sourceTree = "<group>"; };
		B5F4D58426AEB43B00FD2C85 /* Bool+ASN1Encoding.swift */ = {isa = PBXFileReference; fileEncoding = 4; lastKnownFileType = sourcecode.swift; path = "Bool+ASN1Encoding.swift"; sourceTree = "<group>"; };
		B5F4D58526AEB43B00FD2C85 /* Array+ASN1Encoding.swift */ = {isa = PBXFileReference; fileEncoding = 4; lastKnownFileType = sourcecode.swift; path = "Array+ASN1Encoding.swift"; sourceTree = "<group>"; };
		B5F4D58626AEB43B00FD2C85 /* ASN1Tag.swift */ = {isa = PBXFileReference; fileEncoding = 4; lastKnownFileType = sourcecode.swift; path = ASN1Tag.swift; sourceTree = "<group>"; };
		B5F4D58726AEB43B00FD2C85 /* ASN1Object.swift */ = {isa = PBXFileReference; fileEncoding = 4; lastKnownFileType = sourcecode.swift; path = ASN1Object.swift; sourceTree = "<group>"; };
		B5F4D58826AEB43B00FD2C85 /* ASN1DecodedTag.swift */ = {isa = PBXFileReference; fileEncoding = 4; lastKnownFileType = sourcecode.swift; path = ASN1DecodedTag.swift; sourceTree = "<group>"; };
		B5F4D58926AEB43B00FD2C85 /* ASN1Data.swift */ = {isa = PBXFileReference; fileEncoding = 4; lastKnownFileType = sourcecode.swift; path = ASN1Data.swift; sourceTree = "<group>"; };
		B5F4D58A26AEB43B00FD2C85 /* ObjectIdentifier.swift */ = {isa = PBXFileReference; fileEncoding = 4; lastKnownFileType = sourcecode.swift; path = ObjectIdentifier.swift; sourceTree = "<group>"; };
		B5F4D58B26AEB43B00FD2C85 /* DataScanner.swift */ = {isa = PBXFileReference; fileEncoding = 4; lastKnownFileType = sourcecode.swift; path = DataScanner.swift; sourceTree = "<group>"; };
		B5F4D58C26AEB43B00FD2C85 /* ASN1Decoder.swift */ = {isa = PBXFileReference; fileEncoding = 4; lastKnownFileType = sourcecode.swift; path = ASN1Decoder.swift; sourceTree = "<group>"; };
		FB9A80792687348300BDE632 /* cryptography_in_use.framework */ = {isa = PBXFileReference; explicitFileType = wrapper.framework; includeInIndex = 0; path = cryptography_in_use.framework; sourceTree = BUILT_PRODUCTS_DIR; };
		FB9A807C2687348300BDE632 /* cryptography_in_use.h */ = {isa = PBXFileReference; lastKnownFileType = sourcecode.c.h; path = cryptography_in_use.h; sourceTree = "<group>"; };
		FB9A807D2687348300BDE632 /* Info.plist */ = {isa = PBXFileReference; lastKnownFileType = text.plist.xml; path = Info.plist; sourceTree = "<group>"; };
		FB9A80822687348300BDE632 /* cryptography-in-useTests.xctest */ = {isa = PBXFileReference; explicitFileType = wrapper.cfbundle; includeInIndex = 0; path = "cryptography-in-useTests.xctest"; sourceTree = BUILT_PRODUCTS_DIR; };
		FB9A80872687348300BDE632 /* SignedDataTests.swift */ = {isa = PBXFileReference; lastKnownFileType = sourcecode.swift; path = SignedDataTests.swift; sourceTree = "<group>"; };
		FB9A80892687348300BDE632 /* Info.plist */ = {isa = PBXFileReference; lastKnownFileType = text.plist.xml; path = Info.plist; sourceTree = "<group>"; };
		FB9A80932687356F00BDE632 /* SignedData.swift */ = {isa = PBXFileReference; lastKnownFileType = sourcecode.swift; path = SignedData.swift; sourceTree = "<group>"; };
		FB9A80962687385700BDE632 /* ContentInfo.swift */ = {isa = PBXFileReference; lastKnownFileType = sourcecode.swift; path = ContentInfo.swift; sourceTree = "<group>"; };
		FB9A80992687391100BDE632 /* Oid.swift */ = {isa = PBXFileReference; lastKnownFileType = sourcecode.swift; path = Oid.swift; sourceTree = "<group>"; };
		FB9A80A22687480F00BDE632 /* CmsVersion.swift */ = {isa = PBXFileReference; lastKnownFileType = sourcecode.swift; path = CmsVersion.swift; sourceTree = "<group>"; };
		FBC99D0726E104E70099B98A /* SubjectPublicKeyInfoTests.swift */ = {isa = PBXFileReference; lastKnownFileType = sourcecode.swift; path = SubjectPublicKeyInfoTests.swift; sourceTree = "<group>"; };
/* End PBXFileReference section */

/* Begin PBXFrameworksBuildPhase section */
		FB9A80762687348200BDE632 /* Frameworks */ = {
			isa = PBXFrameworksBuildPhase;
			buildActionMask = 2147483647;
			files = (
			);
			runOnlyForDeploymentPostprocessing = 0;
		};
		FB9A807F2687348300BDE632 /* Frameworks */ = {
			isa = PBXFrameworksBuildPhase;
			buildActionMask = 2147483647;
			files = (
				FB9A80832687348300BDE632 /* cryptography_in_use.framework in Frameworks */,
			);
			runOnlyForDeploymentPostprocessing = 0;
		};
/* End PBXFrameworksBuildPhase section */

/* Begin PBXGroup section */
		B503C50C26AD68D900927EA8 /* Frameworks */ = {
			isa = PBXGroup;
			children = (
				B5F4D56B26AEB40300FD2C85 /* GemCommonsKit.xcframework */,
				B5F4D56A26AEB40300FD2C85 /* DataKit.xcframework */,
			);
			name = Frameworks;
			sourceTree = "<group>";
		};
		B542BDDE26BE52E200958C39 /* CertificateDecoder */ = {
			isa = PBXGroup;
			children = (
				B542BDE226BE531900958C39 /* CertASN1Decoder.h */,
				B542BDE526BE531900958C39 /* CertASN1Decoder.swift */,
				B542BDE026BE531800958C39 /* ASN1DistinguishedNames.swift */,
				B542BDE126BE531900958C39 /* ASN1Encoder.swift */,
				B542BDE926BE531900958C39 /* ASN1Identifier.swift */,
				B542BDE726BE531900958C39 /* CertASN1Object.swift */,
				B542BDE326BE531900958C39 /* OID.swift */,
				B542BDEA26BE531A00958C39 /* X509Certificate.swift */,
				B542BDE426BE531900958C39 /* X509Extension.swift */,
				B542BDE626BE531900958C39 /* X509ExtensionAltName.swift */,
				B542BDE826BE531900958C39 /* X509ExtensionClasses.swift */,
				B542BDDF26BE531800958C39 /* X509PublicKey.swift */,
			);
			path = CertificateDecoder;
			sourceTree = "<group>";
		};
		B56D7A2F26E0B53300925AEA /* Asn1Crypto */ = {
			isa = PBXGroup;
			children = (
				B574D86A26D6480900A6438E /* AsnExtension.swift */,
				B5F3B11D26AFFFFB00783AF8 /* AsnSequence.swift */,
				B5F3B12026B002CF00783AF8 /* AsnSet.swift */,
				B574D82A26D2525D00A6438E /* Attribute.swift */,
				B5F3B13D26B0333A00783AF8 /* AttributeTypeAndValue.swift */,
				B574D82E26D2538200A6438E /* AttributeValue.swift */,
				B574D83526D2593500A6438E /* AttributeValues.swift */,
				B574D88A26DA4AEC00A6438E /* AuthorityKeyIdentifier.swift */,
				B574D88626DA490400A6438E /* AuthorityKeyIdentifierExtension.swift */,
				B5F3B15426B11FE800783AF8 /* Certificate.swift */,
				B574D86F26D64DB900A6438E /* CertificateExtensions.swift */,
				B590C74126C91A7300A11C39 /* Certificates.swift */,
				B574D84A26D4B45000A6438E /* CMSAlgorithmProtection.swift */,
				B574D86526D63F2600A6438E /* CMSAlgorithmProtectionAttribute.swift */,
				B574D85526D4DFE800A6438E /* CMSAlgorithmProtectionValue.swift */,
				FB9A80A22687480F00BDE632 /* CmsVersion.swift */,
				FB9A80962687385700BDE632 /* ContentInfo.swift */,
				B574D83B26D263EC00A6438E /* ContentType.swift */,
				B574D85926D63A4D00A6438E /* ContentTypeAttribute.swift */,
				B5F4D55B26AD70A100FD2C85 /* DigestAlgorithmIdentifier.swift */,
				B5F4D55E26AD7A0800FD2C85 /* DigestAlgorithmIdentifiers.swift */,
				B5F3B12326B0065100783AF8 /* EncapsulatedContentInfo.swift */,
				B574D88226DA441800A6438E /* ExtendedKeyUsage.swift */,
				B574D87F26DA433900A6438E /* ExtendedKeyUsageExtension.swift */,
				B574D70A26CD251B00A6438E /* Extensions.swift */,
				B5F3B13326B01D9300783AF8 /* IssuerAndSerialNumber.swift */,
				B574D87326D6557200A6438E /* KeyUsageExtension.swift */,
				B574D84126D2669300A6438E /* MessageDigest.swift */,
				B574D86126D63DFC00A6438E /* MessageDigestAttribute.swift */,
				B574D71426D0FD0400A6438E /* MessageImprint.swift */,
				FB9A80992687391100BDE632 /* Oid.swift */,
				B5F3B13726B031DC00783AF8 /* RDNSequence.swift */,
				B5F3B13A26B032C700783AF8 /* RelativeDistinguishedName.swift */,
				B5F3B13026B016A900783AF8 /* SignatureAlgorithmIdentifier.swift */,
				B574D82626D251B400A6438E /* SignedAttributes.swift */,
				FB9A80932687356F00BDE632 /* SignedData.swift */,
				B5F3B12D26B0156900783AF8 /* SignerInfo.swift */,
				B5F3B12A26B0150A00783AF8 /* SignerInfos.swift */,
				B574D83E26D2659900A6438E /* SigningTime.swift */,
				B574D85D26D63CBC00A6438E /* SigningTimeAttribute.swift */,
				B574D87B26DA3F9D00A6438E /* SubjectKeyIdentifierExtension.swift */,
				B5F3B15D26B12E3600783AF8 /* SubjectPublicKeyInfo.swift */,
				B5F3B15A26B1276D00783AF8 /* TBSCertificate.swift */,
				B574D71126D0FBB500A6438E /* TimeStampReq.swift */,
				B5F3B16026B12E5600783AF8 /* Validity.swift */,
				B5F4D56F26AEB43B00FD2C85 /* ASN1Kit */,
				B5F3B15226B1169E00783AF8 /* AsnStrings */,
			);
			path = Asn1Crypto;
			sourceTree = "<group>";
		};
		B56D7A3126E0B65800925AEA /* Symmetrics */ = {
			isa = PBXGroup;
			children = (
				B56D7A3226E0B6E600925AEA /* KeyExchange.swift */,
			);
			path = Symmetrics;
			sourceTree = "<group>";
		};
		B56D7A3626E0BB7200925AEA /* Symmetrics */ = {
			isa = PBXGroup;
			children = (
				B56D7A3726E0BBB800925AEA /* KeyExchangeTests.swift */,
			);
			path = Symmetrics;
			sourceTree = "<group>";
		};
		B574D89026DB6DF100A6438E /* Pdf */ = {
			isa = PBXGroup;
			children = (
				B574D89126DB6E1000A6438E /* CryptoPdf.swift */,
			);
			path = Pdf;
			sourceTree = "<group>";
		};
		B574D89526DB6E7000A6438E /* PdfTests */ = {
			isa = PBXGroup;
			children = (
				B56D7A3E26E3473500925AEA /* CryptoPdfTests.swift */,
			);
			path = PdfTests;
			sourceTree = "<group>";
		};
		B5F3B15226B1169E00783AF8 /* AsnStrings */ = {
			isa = PBXGroup;
			children = (
				B5F3B12626B00AFA00783AF8 /* OctetString.swift */,
				B5F3B14026B0342100783AF8 /* AsnString.swift */,
				B5F3B14626B0368000783AF8 /* Utf8String.swift */,
				B5F3B14926B036CA00783AF8 /* PrintableString.swift */,
				B5F3B14C26B0371B00783AF8 /* Ia5String.swift */,
				B5F3B15726B1255600783AF8 /* BitString.swift */,
			);
			path = AsnStrings;
			sourceTree = "<group>";
		};
		B5F3B16C26B9556600783AF8 /* AsnStringsTests */ = {
			isa = PBXGroup;
			children = (
				B5F3B16F26B955D000783AF8 /* OctetStringTests.swift */,
				B542BDA426BBD39A00958C39 /* BitStringTests.swift */,
			);
			path = AsnStringsTests;
			sourceTree = "<group>";
		};
		B5F3B17526BA9AA100783AF8 /* CertificateFile */ = {
			isa = PBXGroup;
			children = (
				B5F3B17626BA9AB600783AF8 /* Certificate.pem */,
			);
			path = CertificateFile;
			sourceTree = "<group>";
		};
		B5F4D56F26AEB43B00FD2C85 /* ASN1Kit */ = {
			isa = PBXGroup;
			children = (
				B5F4D58926AEB43B00FD2C85 /* ASN1Data.swift */,
				B5F4D58826AEB43B00FD2C85 /* ASN1DecodedTag.swift */,
				B5F4D58C26AEB43B00FD2C85 /* ASN1Decoder.swift */,
				B5F4D57B26AEB43B00FD2C85 /* ASN1Error.swift */,
				B5F4D57A26AEB43B00FD2C85 /* ASN1Int.swift */,
				B5F4D58726AEB43B00FD2C85 /* ASN1Object.swift */,
				B5F4D58626AEB43B00FD2C85 /* ASN1Tag.swift */,
				B5F4D58B26AEB43B00FD2C85 /* DataScanner.swift */,
				B5F4D57C26AEB43B00FD2C85 /* encodable */,
				B5F4D57026AEB43B00FD2C85 /* extension */,
				B5F4D58A26AEB43B00FD2C85 /* ObjectIdentifier.swift */,
			);
			path = ASN1Kit;
			sourceTree = "<group>";
		};
		B5F4D57026AEB43B00FD2C85 /* extension */ = {
			isa = PBXGroup;
			children = (
				B5F4D57126AEB43B00FD2C85 /* ASN1Object+Subscript.swift */,
				B5F4D57226AEB43B00FD2C85 /* Data+UInt.swift */,
				B5F4D57326AEB43B00FD2C85 /* Data+ASN1Int.swift */,
				B5F4D57426AEB43B00FD2C85 /* String+Subscript.swift */,
				B5F4D57526AEB43B00FD2C85 /* OutputStream+UInt8.swift */,
				B5F4D57626AEB43B00FD2C85 /* UInt+TagNo.swift */,
				B5F4D57726AEB43B00FD2C85 /* ASN1Primitive+Description.swift */,
				B5F4D57826AEB43B00FD2C85 /* ASN1DecodedTag+Encoding.swift */,
				B5F4D57926AEB43B00FD2C85 /* Int+Length.swift */,
			);
			path = extension;
			sourceTree = "<group>";
		};
		B5F4D57C26AEB43B00FD2C85 /* encodable */ = {
			isa = PBXGroup;
			children = (
				B5F4D57D26AEB43B00FD2C85 /* ASN1CodableType.swift */,
				B5F4D57E26AEB43B00FD2C85 /* Date+ASN1Encoding.swift */,
				B5F4D57F26AEB43B00FD2C85 /* ASN1Object+Encoding.swift */,
				B5F4D58026AEB43B00FD2C85 /* GeneralizedTimeDateFormatter.swift */,
				B5F4D58126AEB43B00FD2C85 /* Data+ASN1Encoding.swift */,
				B5F4D58226AEB43B00FD2C85 /* Int+ASN1Encoding.swift */,
				B5F4D58326AEB43B00FD2C85 /* String+ASN1Encoding.swift */,
				B5F4D58426AEB43B00FD2C85 /* Bool+ASN1Encoding.swift */,
				B5F4D58526AEB43B00FD2C85 /* Array+ASN1Encoding.swift */,
			);
			path = encodable;
			sourceTree = "<group>";
		};
		FB9A806F2687348200BDE632 = {
			isa = PBXGroup;
			children = (
				FB9A807B2687348300BDE632 /* cryptography-in-use */,
				FB9A80862687348300BDE632 /* cryptography-in-useTests */,
				FB9A807A2687348300BDE632 /* Products */,
				B503C50C26AD68D900927EA8 /* Frameworks */,
			);
			sourceTree = "<group>";
		};
		FB9A807A2687348300BDE632 /* Products */ = {
			isa = PBXGroup;
			children = (
				FB9A80792687348300BDE632 /* cryptography_in_use.framework */,
				FB9A80822687348300BDE632 /* cryptography-in-useTests.xctest */,
			);
			name = Products;
			sourceTree = "<group>";
		};
		FB9A807B2687348300BDE632 /* cryptography-in-use */ = {
			isa = PBXGroup;
			children = (
				FB9A807C2687348300BDE632 /* cryptography_in_use.h */,
				FB9A807D2687348300BDE632 /* Info.plist */,
				B56D7A2F26E0B53300925AEA /* Asn1Crypto */,
				B542BDDE26BE52E200958C39 /* CertificateDecoder */,
				B5F3B17526BA9AA100783AF8 /* CertificateFile */,
				B574D89026DB6DF100A6438E /* Pdf */,
				B56D7A3126E0B65800925AEA /* Symmetrics */,
			);
			path = "cryptography-in-use";
			sourceTree = "<group>";
		};
		FB9A80862687348300BDE632 /* cryptography-in-useTests */ = {
			isa = PBXGroup;
			children = (
				B574D89526DB6E7000A6438E /* PdfTests */,
				B56D7A3626E0BB7200925AEA /* Symmetrics */,
				FBC99D0A26E225F80099B98A /* Asn1CryptoTest */,
				FB9A80892687348300BDE632 /* Info.plist */,
			);
			path = "cryptography-in-useTests";
			sourceTree = "<group>";
		};
		FBC99D0A26E225F80099B98A /* Asn1CryptoTest */ = {
			isa = PBXGroup;
			children = (
				B56B642626C51936002833E9 /* CertificateTest.swift */,
				B56B641B26C50051002833E9 /* DateTests.swift */,
				B574D70026CA814700A6438E /* HashDataTest.swift */,
				B56B642D26C7A545002833E9 /* IntegerTests.swift */,
				B574D87726D678FC00A6438E /* KeyUsageExtensionTest.swift */,
				B574D83226D257CD00A6438E /* SignedAttrsTest.swift */,
				FB9A80872687348300BDE632 /* SignedDataTests.swift */,
				FBC99D0726E104E70099B98A /* SubjectPublicKeyInfoTests.swift */,
				B574D71926D1021500A6438E /* TimeStampReqTests.swift */,
				B56B641F26C50F2E002833E9 /* ValidityTests.swift */,
				B5F3B16C26B9556600783AF8 /* AsnStringsTests */,
			);
			path = Asn1CryptoTest;
			sourceTree = "<group>";
		};
/* End PBXGroup section */

/* Begin PBXHeadersBuildPhase section */
		FB9A80742687348200BDE632 /* Headers */ = {
			isa = PBXHeadersBuildPhase;
			buildActionMask = 2147483647;
			files = (
				B542BDEE26BE531A00958C39 /* CertASN1Decoder.h in Headers */,
				FB9A808A2687348300BDE632 /* cryptography_in_use.h in Headers */,
			);
			runOnlyForDeploymentPostprocessing = 0;
		};
/* End PBXHeadersBuildPhase section */

/* Begin PBXNativeTarget section */
		FB9A80782687348200BDE632 /* cryptography-in-use */ = {
			isa = PBXNativeTarget;
			buildConfigurationList = FB9A808D2687348300BDE632 /* Build configuration list for PBXNativeTarget "cryptography-in-use" */;
			buildPhases = (
				FB9A80742687348200BDE632 /* Headers */,
				FB9A80752687348200BDE632 /* Sources */,
				FB9A80762687348200BDE632 /* Frameworks */,
				FB9A80772687348200BDE632 /* Resources */,
				B503C51026AD68D900927EA8 /* Embed Frameworks */,
			);
			buildRules = (
			);
			dependencies = (
			);
			name = "cryptography-in-use";
			productName = "cryptography-in-use";
			productReference = FB9A80792687348300BDE632 /* cryptography_in_use.framework */;
			productType = "com.apple.product-type.framework";
		};
		FB9A80812687348300BDE632 /* cryptography-in-useTests */ = {
			isa = PBXNativeTarget;
			buildConfigurationList = FB9A80902687348300BDE632 /* Build configuration list for PBXNativeTarget "cryptography-in-useTests" */;
			buildPhases = (
				FB9A807E2687348300BDE632 /* Sources */,
				FB9A807F2687348300BDE632 /* Frameworks */,
				FB9A80802687348300BDE632 /* Resources */,
			);
			buildRules = (
			);
			dependencies = (
				FB9A80852687348300BDE632 /* PBXTargetDependency */,
			);
			name = "cryptography-in-useTests";
			productName = "cryptography-in-useTests";
			productReference = FB9A80822687348300BDE632 /* cryptography-in-useTests.xctest */;
			productType = "com.apple.product-type.bundle.unit-test";
		};
/* End PBXNativeTarget section */

/* Begin PBXProject section */
		FB9A80702687348200BDE632 /* Project object */ = {
			isa = PBXProject;
			attributes = {
				LastSwiftUpdateCheck = 1250;
				LastUpgradeCheck = 1250;
				TargetAttributes = {
					FB9A80782687348200BDE632 = {
						CreatedOnToolsVersion = 12.5;
						LastSwiftMigration = 1250;
					};
					FB9A80812687348300BDE632 = {
						CreatedOnToolsVersion = 12.5;
					};
				};
			};
			buildConfigurationList = FB9A80732687348200BDE632 /* Build configuration list for PBXProject "cryptography-in-use" */;
			compatibilityVersion = "Xcode 9.3";
			developmentRegion = en;
			hasScannedForEncodings = 0;
			knownRegions = (
				en,
				Base,
			);
			mainGroup = FB9A806F2687348200BDE632;
			productRefGroup = FB9A807A2687348300BDE632 /* Products */;
			projectDirPath = "";
			projectRoot = "";
			targets = (
				FB9A80782687348200BDE632 /* cryptography-in-use */,
				FB9A80812687348300BDE632 /* cryptography-in-useTests */,
			);
		};
/* End PBXProject section */

/* Begin PBXResourcesBuildPhase section */
		FB9A80772687348200BDE632 /* Resources */ = {
			isa = PBXResourcesBuildPhase;
			buildActionMask = 2147483647;
			files = (
				B5F3B17726BA9AB600783AF8 /* Certificate.pem in Resources */,
			);
			runOnlyForDeploymentPostprocessing = 0;
		};
		FB9A80802687348300BDE632 /* Resources */ = {
			isa = PBXResourcesBuildPhase;
			buildActionMask = 2147483647;
			files = (
			);
			runOnlyForDeploymentPostprocessing = 0;
		};
/* End PBXResourcesBuildPhase section */

/* Begin PBXSourcesBuildPhase section */
		FB9A80752687348200BDE632 /* Sources */ = {
			isa = PBXSourcesBuildPhase;
			buildActionMask = 2147483647;
			files = (
				B5F3B14D26B0371B00783AF8 /* Ia5String.swift in Sources */,
				B5F3B12426B0065100783AF8 /* EncapsulatedContentInfo.swift in Sources */,
				B5F3B13B26B032C700783AF8 /* RelativeDistinguishedName.swift in Sources */,
				FB9A80942687356F00BDE632 /* SignedData.swift in Sources */,
				FB9A80A32687480F00BDE632 /* CmsVersion.swift in Sources */,
				B542BDF526BE531A00958C39 /* ASN1Identifier.swift in Sources */,
				B574D84B26D4B45100A6438E /* CMSAlgorithmProtection.swift in Sources */,
				B5F3B15E26B12E3600783AF8 /* SubjectPublicKeyInfo.swift in Sources */,
				B542BDF426BE531A00958C39 /* X509ExtensionClasses.swift in Sources */,
				B5F3B12726B00AFA00783AF8 /* OctetString.swift in Sources */,
				B574D85A26D63A4D00A6438E /* ContentTypeAttribute.swift in Sources */,
				B5F4D59126AEB43B00FD2C85 /* OutputStream+UInt8.swift in Sources */,
				B5F4D59F26AEB43B00FD2C85 /* Bool+ASN1Encoding.swift in Sources */,
				B5F4D5A526AEB43B00FD2C85 /* ObjectIdentifier.swift in Sources */,
				B574D88026DA433900A6438E /* ExtendedKeyUsageExtension.swift in Sources */,
				B5F4D59D26AEB43B00FD2C85 /* Int+ASN1Encoding.swift in Sources */,
				B5F4D59726AEB43B00FD2C85 /* ASN1Error.swift in Sources */,
				B574D86226D63DFC00A6438E /* MessageDigestAttribute.swift in Sources */,
				B542BDF626BE531A00958C39 /* X509Certificate.swift in Sources */,
				B5F3B11E26AFFFFB00783AF8 /* AsnSequence.swift in Sources */,
				B5F3B14726B0368000783AF8 /* Utf8String.swift in Sources */,
				B574D82726D251B400A6438E /* SignedAttributes.swift in Sources */,
				B5F3B12E26B0156900783AF8 /* SignerInfo.swift in Sources */,
				B5F4D59426AEB43B00FD2C85 /* ASN1DecodedTag+Encoding.swift in Sources */,
				B5F3B15B26B1276D00783AF8 /* TBSCertificate.swift in Sources */,
				B5F4D58F26AEB43B00FD2C85 /* Data+ASN1Int.swift in Sources */,
				B574D83C26D263EC00A6438E /* ContentType.swift in Sources */,
				B574D86626D63F2600A6438E /* CMSAlgorithmProtectionAttribute.swift in Sources */,
				B574D88B26DA4AEC00A6438E /* AuthorityKeyIdentifier.swift in Sources */,
				B542BDF226BE531A00958C39 /* X509ExtensionAltName.swift in Sources */,
				B5F3B13126B016A900783AF8 /* SignatureAlgorithmIdentifier.swift in Sources */,
				B5F4D55F26AD7A0800FD2C85 /* DigestAlgorithmIdentifiers.swift in Sources */,
				B5F4D59626AEB43B00FD2C85 /* ASN1Int.swift in Sources */,
				B5F4D5A126AEB43B00FD2C85 /* ASN1Tag.swift in Sources */,
				B5F3B15826B1255600783AF8 /* BitString.swift in Sources */,
				B5F4D59526AEB43B00FD2C85 /* Int+Length.swift in Sources */,
				B542BDF326BE531A00958C39 /* CertASN1Object.swift in Sources */,
				B542BDED26BE531A00958C39 /* ASN1Encoder.swift in Sources */,
				B5F4D59826AEB43B00FD2C85 /* ASN1CodableType.swift in Sources */,
				B574D87426D6557200A6438E /* KeyUsageExtension.swift in Sources */,
				B574D70B26CD251B00A6438E /* Extensions.swift in Sources */,
				B5F4D5A226AEB43B00FD2C85 /* ASN1Object.swift in Sources */,
				B574D83F26D2659900A6438E /* SigningTime.swift in Sources */,
				B56D7A3326E0B6E600925AEA /* KeyExchange.swift in Sources */,
				FB9A80972687385700BDE632 /* ContentInfo.swift in Sources */,
				B5F3B13826B031DC00783AF8 /* RDNSequence.swift in Sources */,
				B574D89226DB6E1100A6438E /* CryptoPdf.swift in Sources */,
				B574D83626D2593500A6438E /* AttributeValues.swift in Sources */,
				B574D82F26D2538200A6438E /* AttributeValue.swift in Sources */,
				B5F4D5A626AEB43B00FD2C85 /* DataScanner.swift in Sources */,
				B574D84226D2669300A6438E /* MessageDigest.swift in Sources */,
				B574D88326DA441800A6438E /* ExtendedKeyUsage.swift in Sources */,
				FB9A809A2687391100BDE632 /* Oid.swift in Sources */,
				B574D71226D0FBB500A6438E /* TimeStampReq.swift in Sources */,
				B5F4D58D26AEB43B00FD2C85 /* ASN1Object+Subscript.swift in Sources */,
				B5F3B12126B002CF00783AF8 /* AsnSet.swift in Sources */,
				B574D88726DA490400A6438E /* AuthorityKeyIdentifierExtension.swift in Sources */,
				B5F4D55C26AD70A100FD2C85 /* DigestAlgorithmIdentifier.swift in Sources */,
				B5F4D59B26AEB43B00FD2C85 /* GeneralizedTimeDateFormatter.swift in Sources */,
				B5F3B16126B12E5600783AF8 /* Validity.swift in Sources */,
				B5F4D59E26AEB43B00FD2C85 /* String+ASN1Encoding.swift in Sources */,
				B542BDF126BE531A00958C39 /* CertASN1Decoder.swift in Sources */,
				B574D87C26DA3F9D00A6438E /* SubjectKeyIdentifierExtension.swift in Sources */,
				B5F4D59026AEB43B00FD2C85 /* String+Subscript.swift in Sources */,
				B5F4D59926AEB43B00FD2C85 /* Date+ASN1Encoding.swift in Sources */,
				B5F4D5A426AEB43B00FD2C85 /* ASN1Data.swift in Sources */,
				B5F3B14A26B036CA00783AF8 /* PrintableString.swift in Sources */,
				B5F4D59A26AEB43B00FD2C85 /* ASN1Object+Encoding.swift in Sources */,
				B542BDEF26BE531A00958C39 /* OID.swift in Sources */,
				B5F4D5A326AEB43B00FD2C85 /* ASN1DecodedTag.swift in Sources */,
				B574D85E26D63CBC00A6438E /* SigningTimeAttribute.swift in Sources */,
				B542BDEC26BE531A00958C39 /* ASN1DistinguishedNames.swift in Sources */,
				B590C74226C91A7300A11C39 /* Certificates.swift in Sources */,
				B5F4D58E26AEB43B00FD2C85 /* Data+UInt.swift in Sources */,
				B5F3B13E26B0333A00783AF8 /* AttributeTypeAndValue.swift in Sources */,
				B5F4D5A726AEB43B00FD2C85 /* ASN1Decoder.swift in Sources */,
				B5F4D59C26AEB43B00FD2C85 /* Data+ASN1Encoding.swift in Sources */,
				B5F3B15526B11FE800783AF8 /* Certificate.swift in Sources */,
				B574D82B26D2525D00A6438E /* Attribute.swift in Sources */,
				B574D87026D64DB900A6438E /* CertificateExtensions.swift in Sources */,
				B542BDEB26BE531A00958C39 /* X509PublicKey.swift in Sources */,
				B5F3B13426B01D9300783AF8 /* IssuerAndSerialNumber.swift in Sources */,
				B574D86B26D6480900A6438E /* AsnExtension.swift in Sources */,
				B5F4D5A026AEB43B00FD2C85 /* Array+ASN1Encoding.swift in Sources */,
				B542BDF026BE531A00958C39 /* X509Extension.swift in Sources */,
				B5F4D59226AEB43B00FD2C85 /* UInt+TagNo.swift in Sources */,
				B5F4D59326AEB43B00FD2C85 /* ASN1Primitive+Description.swift in Sources */,
				B5F3B12B26B0150A00783AF8 /* SignerInfos.swift in Sources */,
				B5F3B14126B0342100783AF8 /* AsnString.swift in Sources */,
				B574D71526D0FD0400A6438E /* MessageImprint.swift in Sources */,
				B574D85626D4DFE800A6438E /* CMSAlgorithmProtectionValue.swift in Sources */,
			);
			runOnlyForDeploymentPostprocessing = 0;
		};
		FB9A807E2687348300BDE632 /* Sources */ = {
			isa = PBXSourcesBuildPhase;
			buildActionMask = 2147483647;
			files = (
				B574D71A26D1021500A6438E /* TimeStampReqTests.swift in Sources */,
				FBC99D0826E104E70099B98A /* SubjectPublicKeyInfoTests.swift in Sources */,
				B56B642E26C7A545002833E9 /* IntegerTests.swift in Sources */,
				B5F3B17026B955D000783AF8 /* OctetStringTests.swift in Sources */,
				B56B642026C50F2E002833E9 /* ValidityTests.swift in Sources */,
				B574D83326D257CD00A6438E /* SignedAttrsTest.swift in Sources */,
				B574D70126CA814700A6438E /* HashDataTest.swift in Sources */,
				B542BDA526BBD39A00958C39 /* BitStringTests.swift in Sources */,
				FB9A80882687348300BDE632 /* SignedDataTests.swift in Sources */,
				B574D87826D678FC00A6438E /* KeyUsageExtensionTest.swift in Sources */,
				B56D7A3F26E3473500925AEA /* CryptoPdfTests.swift in Sources */,
				B56B641C26C50051002833E9 /* DateTests.swift in Sources */,
				B56D7A3826E0BBB800925AEA /* KeyExchangeTests.swift in Sources */,
				B56B642726C51936002833E9 /* CertificateTest.swift in Sources */,
			);
			runOnlyForDeploymentPostprocessing = 0;
		};
/* End PBXSourcesBuildPhase section */

/* Begin PBXTargetDependency section */
		FB9A80852687348300BDE632 /* PBXTargetDependency */ = {
			isa = PBXTargetDependency;
			target = FB9A80782687348200BDE632 /* cryptography-in-use */;
			targetProxy = FB9A80842687348300BDE632 /* PBXContainerItemProxy */;
		};
/* End PBXTargetDependency section */

/* Begin XCBuildConfiguration section */
		FB9A808B2687348300BDE632 /* Debug */ = {
			isa = XCBuildConfiguration;
			buildSettings = {
				ALWAYS_SEARCH_USER_PATHS = NO;
				CLANG_ANALYZER_NONNULL = YES;
				CLANG_ANALYZER_NUMBER_OBJECT_CONVERSION = YES_AGGRESSIVE;
				CLANG_CXX_LANGUAGE_STANDARD = "gnu++14";
				CLANG_CXX_LIBRARY = "libc++";
				CLANG_ENABLE_MODULES = YES;
				CLANG_ENABLE_OBJC_ARC = YES;
				CLANG_ENABLE_OBJC_WEAK = YES;
				CLANG_WARN_BLOCK_CAPTURE_AUTORELEASING = YES;
				CLANG_WARN_BOOL_CONVERSION = YES;
				CLANG_WARN_COMMA = YES;
				CLANG_WARN_CONSTANT_CONVERSION = YES;
				CLANG_WARN_DEPRECATED_OBJC_IMPLEMENTATIONS = YES;
				CLANG_WARN_DIRECT_OBJC_ISA_USAGE = YES_ERROR;
				CLANG_WARN_DOCUMENTATION_COMMENTS = YES;
				CLANG_WARN_EMPTY_BODY = YES;
				CLANG_WARN_ENUM_CONVERSION = YES;
				CLANG_WARN_INFINITE_RECURSION = YES;
				CLANG_WARN_INT_CONVERSION = YES;
				CLANG_WARN_NON_LITERAL_NULL_CONVERSION = YES;
				CLANG_WARN_OBJC_IMPLICIT_RETAIN_SELF = YES;
				CLANG_WARN_OBJC_LITERAL_CONVERSION = YES;
				CLANG_WARN_OBJC_ROOT_CLASS = YES_ERROR;
				CLANG_WARN_QUOTED_INCLUDE_IN_FRAMEWORK_HEADER = YES;
				CLANG_WARN_RANGE_LOOP_ANALYSIS = YES;
				CLANG_WARN_STRICT_PROTOTYPES = YES;
				CLANG_WARN_SUSPICIOUS_MOVE = YES;
				CLANG_WARN_UNGUARDED_AVAILABILITY = YES_AGGRESSIVE;
				CLANG_WARN_UNREACHABLE_CODE = YES;
				CLANG_WARN__DUPLICATE_METHOD_MATCH = YES;
				COPY_PHASE_STRIP = NO;
				CURRENT_PROJECT_VERSION = 1;
				DEBUG_INFORMATION_FORMAT = dwarf;
				ENABLE_STRICT_OBJC_MSGSEND = YES;
				ENABLE_TESTABILITY = YES;
				GCC_C_LANGUAGE_STANDARD = gnu11;
				GCC_DYNAMIC_NO_PIC = NO;
				GCC_NO_COMMON_BLOCKS = YES;
				GCC_OPTIMIZATION_LEVEL = 0;
				GCC_PREPROCESSOR_DEFINITIONS = (
					"DEBUG=1",
					"$(inherited)",
				);
				GCC_WARN_64_TO_32_BIT_CONVERSION = YES;
				GCC_WARN_ABOUT_RETURN_TYPE = YES_ERROR;
				GCC_WARN_UNDECLARED_SELECTOR = YES;
				GCC_WARN_UNINITIALIZED_AUTOS = YES_AGGRESSIVE;
				GCC_WARN_UNUSED_FUNCTION = YES;
				GCC_WARN_UNUSED_VARIABLE = YES;
				IPHONEOS_DEPLOYMENT_TARGET = 14.1;
				MTL_ENABLE_DEBUG_INFO = INCLUDE_SOURCE;
				MTL_FAST_MATH = YES;
				ONLY_ACTIVE_ARCH = YES;
				SDKROOT = iphoneos;
				SWIFT_ACTIVE_COMPILATION_CONDITIONS = DEBUG;
				SWIFT_OPTIMIZATION_LEVEL = "-Onone";
				VERSIONING_SYSTEM = "apple-generic";
				VERSION_INFO_PREFIX = "";
			};
			name = Debug;
		};
		FB9A808C2687348300BDE632 /* Release */ = {
			isa = XCBuildConfiguration;
			buildSettings = {
				ALWAYS_SEARCH_USER_PATHS = NO;
				CLANG_ANALYZER_NONNULL = YES;
				CLANG_ANALYZER_NUMBER_OBJECT_CONVERSION = YES_AGGRESSIVE;
				CLANG_CXX_LANGUAGE_STANDARD = "gnu++14";
				CLANG_CXX_LIBRARY = "libc++";
				CLANG_ENABLE_MODULES = YES;
				CLANG_ENABLE_OBJC_ARC = YES;
				CLANG_ENABLE_OBJC_WEAK = YES;
				CLANG_WARN_BLOCK_CAPTURE_AUTORELEASING = YES;
				CLANG_WARN_BOOL_CONVERSION = YES;
				CLANG_WARN_COMMA = YES;
				CLANG_WARN_CONSTANT_CONVERSION = YES;
				CLANG_WARN_DEPRECATED_OBJC_IMPLEMENTATIONS = YES;
				CLANG_WARN_DIRECT_OBJC_ISA_USAGE = YES_ERROR;
				CLANG_WARN_DOCUMENTATION_COMMENTS = YES;
				CLANG_WARN_EMPTY_BODY = YES;
				CLANG_WARN_ENUM_CONVERSION = YES;
				CLANG_WARN_INFINITE_RECURSION = YES;
				CLANG_WARN_INT_CONVERSION = YES;
				CLANG_WARN_NON_LITERAL_NULL_CONVERSION = YES;
				CLANG_WARN_OBJC_IMPLICIT_RETAIN_SELF = YES;
				CLANG_WARN_OBJC_LITERAL_CONVERSION = YES;
				CLANG_WARN_OBJC_ROOT_CLASS = YES_ERROR;
				CLANG_WARN_QUOTED_INCLUDE_IN_FRAMEWORK_HEADER = YES;
				CLANG_WARN_RANGE_LOOP_ANALYSIS = YES;
				CLANG_WARN_STRICT_PROTOTYPES = YES;
				CLANG_WARN_SUSPICIOUS_MOVE = YES;
				CLANG_WARN_UNGUARDED_AVAILABILITY = YES_AGGRESSIVE;
				CLANG_WARN_UNREACHABLE_CODE = YES;
				CLANG_WARN__DUPLICATE_METHOD_MATCH = YES;
				COPY_PHASE_STRIP = NO;
				CURRENT_PROJECT_VERSION = 1;
				DEBUG_INFORMATION_FORMAT = "dwarf-with-dsym";
				ENABLE_NS_ASSERTIONS = NO;
				ENABLE_STRICT_OBJC_MSGSEND = YES;
				GCC_C_LANGUAGE_STANDARD = gnu11;
				GCC_NO_COMMON_BLOCKS = YES;
				GCC_WARN_64_TO_32_BIT_CONVERSION = YES;
				GCC_WARN_ABOUT_RETURN_TYPE = YES_ERROR;
				GCC_WARN_UNDECLARED_SELECTOR = YES;
				GCC_WARN_UNINITIALIZED_AUTOS = YES_AGGRESSIVE;
				GCC_WARN_UNUSED_FUNCTION = YES;
				GCC_WARN_UNUSED_VARIABLE = YES;
				IPHONEOS_DEPLOYMENT_TARGET = 14.1;
				MTL_ENABLE_DEBUG_INFO = NO;
				MTL_FAST_MATH = YES;
				SDKROOT = iphoneos;
				SWIFT_COMPILATION_MODE = wholemodule;
				SWIFT_OPTIMIZATION_LEVEL = "-O";
				VALIDATE_PRODUCT = YES;
				VERSIONING_SYSTEM = "apple-generic";
				VERSION_INFO_PREFIX = "";
			};
			name = Release;
		};
		FB9A808E2687348300BDE632 /* Debug */ = {
			isa = XCBuildConfiguration;
			buildSettings = {
				CLANG_ENABLE_MODULES = YES;
				CODE_SIGN_STYLE = Automatic;
				DEFINES_MODULE = YES;
				DEVELOPMENT_TEAM = QP2T72B7EQ;
				DYLIB_COMPATIBILITY_VERSION = 1;
				DYLIB_CURRENT_VERSION = 1;
				DYLIB_INSTALL_NAME_BASE = "@rpath";
				INFOPLIST_FILE = "cryptography-in-use/Info.plist";
				INSTALL_PATH = "$(LOCAL_LIBRARY_DIR)/Frameworks";
				LD_RUNPATH_SEARCH_PATHS = (
					"$(inherited)",
					"@executable_path/Frameworks",
					"@loader_path/Frameworks",
				);
				PRODUCT_BUNDLE_IDENTIFIER = "com.gss.cryptography-in-use";
				PRODUCT_NAME = "$(TARGET_NAME:c99extidentifier)";
				SKIP_INSTALL = YES;
				SUPPORTS_MACCATALYST = YES;
				SWIFT_OPTIMIZATION_LEVEL = "-Onone";
				SWIFT_VERSION = 5.0;
				TARGETED_DEVICE_FAMILY = "1,2";
			};
			name = Debug;
		};
		FB9A808F2687348300BDE632 /* Release */ = {
			isa = XCBuildConfiguration;
			buildSettings = {
				CLANG_ENABLE_MODULES = YES;
				CODE_SIGN_STYLE = Automatic;
				DEFINES_MODULE = YES;
				DEVELOPMENT_TEAM = QP2T72B7EQ;
				DYLIB_COMPATIBILITY_VERSION = 1;
				DYLIB_CURRENT_VERSION = 1;
				DYLIB_INSTALL_NAME_BASE = "@rpath";
				INFOPLIST_FILE = "cryptography-in-use/Info.plist";
				INSTALL_PATH = "$(LOCAL_LIBRARY_DIR)/Frameworks";
				LD_RUNPATH_SEARCH_PATHS = (
					"$(inherited)",
					"@executable_path/Frameworks",
					"@loader_path/Frameworks",
				);
				PRODUCT_BUNDLE_IDENTIFIER = "com.gss.cryptography-in-use";
				PRODUCT_NAME = "$(TARGET_NAME:c99extidentifier)";
				SKIP_INSTALL = YES;
				SUPPORTS_MACCATALYST = YES;
				SWIFT_VERSION = 5.0;
				TARGETED_DEVICE_FAMILY = "1,2";
			};
			name = Release;
		};
		FB9A80912687348300BDE632 /* Debug */ = {
			isa = XCBuildConfiguration;
			buildSettings = {
				ALWAYS_EMBED_SWIFT_STANDARD_LIBRARIES = YES;
				CODE_SIGN_STYLE = Automatic;
				DEVELOPMENT_TEAM = QP2T72B7EQ;
				INFOPLIST_FILE = "cryptography-in-useTests/Info.plist";
				LD_RUNPATH_SEARCH_PATHS = (
					"$(inherited)",
					"@executable_path/Frameworks",
					"@loader_path/Frameworks",
				);
				PRODUCT_BUNDLE_IDENTIFIER = "com.gss.cryptography-in-useTests";
				PRODUCT_NAME = "$(TARGET_NAME)";
				SWIFT_VERSION = 5.0;
				TARGETED_DEVICE_FAMILY = "1,2";
			};
			name = Debug;
		};
		FB9A80922687348300BDE632 /* Release */ = {
			isa = XCBuildConfiguration;
			buildSettings = {
				ALWAYS_EMBED_SWIFT_STANDARD_LIBRARIES = YES;
				CODE_SIGN_STYLE = Automatic;
				DEVELOPMENT_TEAM = QP2T72B7EQ;
				INFOPLIST_FILE = "cryptography-in-useTests/Info.plist";
				LD_RUNPATH_SEARCH_PATHS = (
					"$(inherited)",
					"@executable_path/Frameworks",
					"@loader_path/Frameworks",
				);
				PRODUCT_BUNDLE_IDENTIFIER = "com.gss.cryptography-in-useTests";
				PRODUCT_NAME = "$(TARGET_NAME)";
				SWIFT_VERSION = 5.0;
				TARGETED_DEVICE_FAMILY = "1,2";
			};
			name = Release;
		};
/* End XCBuildConfiguration section */

/* Begin XCConfigurationList section */
		FB9A80732687348200BDE632 /* Build configuration list for PBXProject "cryptography-in-use" */ = {
			isa = XCConfigurationList;
			buildConfigurations = (
				FB9A808B2687348300BDE632 /* Debug */,
				FB9A808C2687348300BDE632 /* Release */,
			);
			defaultConfigurationIsVisible = 0;
			defaultConfigurationName = Release;
		};
		FB9A808D2687348300BDE632 /* Build configuration list for PBXNativeTarget "cryptography-in-use" */ = {
			isa = XCConfigurationList;
			buildConfigurations = (
				FB9A808E2687348300BDE632 /* Debug */,
				FB9A808F2687348300BDE632 /* Release */,
			);
			defaultConfigurationIsVisible = 0;
			defaultConfigurationName = Release;
		};
		FB9A80902687348300BDE632 /* Build configuration list for PBXNativeTarget "cryptography-in-useTests" */ = {
			isa = XCConfigurationList;
			buildConfigurations = (
				FB9A80912687348300BDE632 /* Debug */,
				FB9A80922687348300BDE632 /* Release */,
			);
			defaultConfigurationIsVisible = 0;
			defaultConfigurationName = Release;
		};
/* End XCConfigurationList section */
	};
	rootObject = FB9A80702687348200BDE632 /* Project object */;
}
